
Microsoft Visual Studio Solution File, Format Version 12.00
# Visual Studio Version 16
VisualStudioVersion = 16.0.29613.14
MinimumVisualStudioVersion = 10.0.40219.1
Project("{FAE04EC0-301F-11D3-BF4B-00C04F79EFBC}") = "WordService", "WordService\WordService.csproj", "{074997D9-E34E-4CB8-8B25-288F0355F587}"
EndProject
Global
	GlobalSection(SolutionConfigurationPlatforms) = preSolution
		Debug|Any CPU = Debug|Any CPU
		Release|Any CPU = Release|Any CPU
	EndGlobalSection
	GlobalSection(ProjectConfigurationPlatforms) = postSolution
		{074997D9-E34E-4CB8-8B25-288F0355F587}.Debug|Any CPU.ActiveCfg = Debug|Any CPU
		{074997D9-E34E-4CB8-8B25-288F0355F587}.Debug|Any CPU.Build.0 = Debug|Any CPU
		{074997D9-E34E-4CB8-8B25-288F0355F587}.Release|Any CPU.ActiveCfg = Release|Any CPU
		{074997D9-E34E-4CB8-8B25-288F0355F587}.Release|Any CPU.Build.0 = Release|Any CPU
	EndGlobalSection
	GlobalSection(SolutionProperties) = preSolution
		HideSolutionNode = FALSE
	EndGlobalSection
	GlobalSection(ExtensibilityGlobals) = postSolution
		SolutionGuid = {0874BE8B-2936-473E-A10A-2419311788C3}
	EndGlobalSection
EndGlobal
